
Microsoft Visual Studio Solution File, Format Version 12.00
# Visual Studio Version 16
VisualStudioVersion = 16.0.29613.14
MinimumVisualStudioVersion = 10.0.40219.1
Project("{FAE04EC0-301F-11D3-BF4B-00C04F79EFBC}") = "NugetHelpeProject", "NugetHelpeProject.csproj", "{C1373B60-9013-430D-BBF8-E73D3AB9ACC1}"
EndProject
Global
	GlobalSection(SolutionConfigurationPlatforms) = preSolution
		Debug|Any CPU = Debug|Any CPU
		Release|Any CPU = Release|Any CPU
	EndGlobalSection
	GlobalSection(ProjectConfigurationPlatforms) = postSolution
		{C1373B60-9013-430D-BBF8-E73D3AB9ACC1}.Debug|Any CPU.ActiveCfg = Debug|Any CPU
		{C1373B60-9013-430D-BBF8-E73D3AB9ACC1}.Debug|Any CPU.Build.0 = Debug|Any CPU
		{C1373B60-9013-430D-BBF8-E73D3AB9ACC1}.Release|Any CPU.ActiveCfg = Release|Any CPU
		{C1373B60-9013-430D-BBF8-E73D3AB9ACC1}.Release|Any CPU.Build.0 = Release|Any CPU
	EndGlobalSection
	GlobalSection(SolutionProperties) = preSolution
		HideSolutionNode = FALSE
	EndGlobalSection
	GlobalSection(ExtensibilityGlobals) = postSolution
		SolutionGuid = {F9E6060E-0320-4FDC-B57E-6D14EBF57696}
	EndGlobalSection
EndGlobal
